
Microsoft Visual Studio Solution File, Format Version 12.00
# Visual Studio Version 16
VisualStudioVersion = 16.0.30907.101
MinimumVisualStudioVersion = 10.0.40219.1
Project("{9A19103F-16F7-4668-BE54-9A1E7A4F7556}") = "DataAccess", "DataAccess\DataAccess.csproj", "{B6E8A18B-7219-4239-B80C-CC688180F441}"
EndProject
Project("{9A19103F-16F7-4668-BE54-9A1E7A4F7556}") = "Entities", "Entities\Entities.csproj", "{915306DB-CE6F-4ABC-B692-B0F432215A51}"
EndProject
Project("{9A19103F-16F7-4668-BE54-9A1E7A4F7556}") = "Business", "Business\Business.csproj", "{2DD338B4-0CA0-4C21-A56C-1C20334889B9}"
EndProject
Project("{9A19103F-16F7-4668-BE54-9A1E7A4F7556}") = "Global", "Global\Global.csproj", "{21448620-117C-42A1-8D5A-67770DB99DEE}"
EndProject
Project("{9A19103F-16F7-4668-BE54-9A1E7A4F7556}") = "ConsoleUI", "ConsoleUI\ConsoleUI.csproj", "{CC9EC6F4-2690-45EF-99AB-A756C0BFA1CF}"
EndProject
Project("{9A19103F-16F7-4668-BE54-9A1E7A4F7556}") = "WebAPI", "WebAPI\WebAPI.csproj", "{41283F04-C211-4724-84AF-CD9C5AD13DD9}"
EndProject
Global
	GlobalSection(SolutionConfigurationPlatforms) = preSolution
		Debug|Any CPU = Debug|Any CPU
		Release|Any CPU = Release|Any CPU
	EndGlobalSection
	GlobalSection(ProjectConfigurationPlatforms) = postSolution
		{B6E8A18B-7219-4239-B80C-CC688180F441}.Debug|Any CPU.ActiveCfg = Debug|Any CPU
		{B6E8A18B-7219-4239-B80C-CC688180F441}.Debug|Any CPU.Build.0 = Debug|Any CPU
		{B6E8A18B-7219-4239-B80C-CC688180F441}.Release|Any CPU.ActiveCfg = Release|Any CPU
		{B6E8A18B-7219-4239-B80C-CC688180F441}.Release|Any CPU.Build.0 = Release|Any CPU
		{915306DB-CE6F-4ABC-B692-B0F432215A51}.Debug|Any CPU.ActiveCfg = Debug|Any CPU
		{915306DB-CE6F-4ABC-B692-B0F432215A51}.Debug|Any CPU.Build.0 = Debug|Any CPU
		{915306DB-CE6F-4ABC-B692-B0F432215A51}.Release|Any CPU.ActiveCfg = Release|Any CPU
		{915306DB-CE6F-4ABC-B692-B0F432215A51}.Release|Any CPU.Build.0 = Release|Any CPU
		{2DD338B4-0CA0-4C21-A56C-1C20334889B9}.Debug|Any CPU.ActiveCfg = Debug|Any CPU
		{2DD338B4-0CA0-4C21-A56C-1C20334889B9}.Debug|Any CPU.Build.0 = Debug|Any CPU
		{2DD338B4-0CA0-4C21-A56C-1C20334889B9}.Release|Any CPU.ActiveCfg = Release|Any CPU
		{2DD338B4-0CA0-4C21-A56C-1C20334889B9}.Release|Any CPU.Build.0 = Release|Any CPU
		{21448620-117C-42A1-8D5A-67770DB99DEE}.Debug|Any CPU.ActiveCfg = Debug|Any CPU
		{21448620-117C-42A1-8D5A-67770DB99DEE}.Debug|Any CPU.Build.0 = Debug|Any CPU
		{21448620-117C-42A1-8D5A-67770DB99DEE}.Release|Any CPU.ActiveCfg = Release|Any CPU
		{21448620-117C-42A1-8D5A-67770DB99DEE}.Release|Any CPU.Build.0 = Release|Any CPU
		{CC9EC6F4-2690-45EF-99AB-A756C0BFA1CF}.Debug|Any CPU.ActiveCfg = Debug|Any CPU
		{CC9EC6F4-2690-45EF-99AB-A756C0BFA1CF}.Debug|Any CPU.Build.0 = Debug|Any CPU
		{CC9EC6F4-2690-45EF-99AB-A756C0BFA1CF}.Release|Any CPU.ActiveCfg = Release|Any CPU
		{CC9EC6F4-2690-45EF-99AB-A756C0BFA1CF}.Release|Any CPU.Build.0 = Release|Any CPU
		{41283F04-C211-4724-84AF-CD9C5AD13DD9}.Debug|Any CPU.ActiveCfg = Debug|Any CPU
		{41283F04-C211-4724-84AF-CD9C5AD13DD9}.Debug|Any CPU.Build.0 = Debug|Any CPU
		{41283F04-C211-4724-84AF-CD9C5AD13DD9}.Release|Any CPU.ActiveCfg = Release|Any CPU
		{41283F04-C211-4724-84AF-CD9C5AD13DD9}.Release|Any CPU.Build.0 = Release|Any CPU
	EndGlobalSection
	GlobalSection(SolutionProperties) = preSolution
		HideSolutionNode = FALSE
	EndGlobalSection
	GlobalSection(ExtensibilityGlobals) = postSolution
		SolutionGuid = {049EDE3E-728D-4713-B5D5-90ACDFA5D818}
	EndGlobalSection
EndGlobal
